// !$*UTF8*$!
{
	archiveVersion = 1;
	classes = {
	};
	objectVersion = 50;
	objects = {

/* Begin PBXBuildFile section */
		3A1718312254092E003AE86C /* AppDelegate.swift in Sources */ = {isa = PBXBuildFile; fileRef = 3A1718302254092E003AE86C /* AppDelegate.swift */; };
		3A1718382254092F003AE86C /* Assets.xcassets in Resources */ = {isa = PBXBuildFile; fileRef = 3A1718372254092F003AE86C /* Assets.xcassets */; };
		3A17183B2254092F003AE86C /* LaunchScreen.storyboard in Resources */ = {isa = PBXBuildFile; fileRef = 3A1718392254092F003AE86C /* LaunchScreen.storyboard */; };
		3A17184322540DD2003AE86C /* SplashVC.swift in Sources */ = {isa = PBXBuildFile; fileRef = 3A17184222540DD2003AE86C /* SplashVC.swift */; };
		3A17184522540DE1003AE86C /* Splash.storyboard in Resources */ = {isa = PBXBuildFile; fileRef = 3A17184422540DE1003AE86C /* Splash.storyboard */; };
		3A171854225417BA003AE86C /* OnboardingVC.swift in Sources */ = {isa = PBXBuildFile; fileRef = 3A171853225417BA003AE86C /* OnboardingVC.swift */; };
		3A171856225417C7003AE86C /* Onboarding.storyboard in Resources */ = {isa = PBXBuildFile; fileRef = 3A171855225417C7003AE86C /* Onboarding.storyboard */; };
		3A17185922542BD3003AE86C /* Extensions.swift in Sources */ = {isa = PBXBuildFile; fileRef = 3A17185822542BD3003AE86C /* Extensions.swift */; };
		3A171864225431B2003AE86C /* Ubuntu-Medium.ttf in Resources */ = {isa = PBXBuildFile; fileRef = 3A17185B225431B1003AE86C /* Ubuntu-Medium.ttf */; };
		3A171866225431B2003AE86C /* Ubuntu-Regular.ttf in Resources */ = {isa = PBXBuildFile; fileRef = 3A17185D225431B1003AE86C /* Ubuntu-Regular.ttf */; };
		3A171867225431B2003AE86C /* Ubuntu-Bold.ttf in Resources */ = {isa = PBXBuildFile; fileRef = 3A17185E225431B1003AE86C /* Ubuntu-Bold.ttf */; };
		3A17186B225431B2003AE86C /* Ubuntu-Light.ttf in Resources */ = {isa = PBXBuildFile; fileRef = 3A171862225431B1003AE86C /* Ubuntu-Light.ttf */; };
		3A17186C225431B2003AE86C /* UFL.txt in Resources */ = {isa = PBXBuildFile; fileRef = 3A171863225431B1003AE86C /* UFL.txt */; };
		3A17186E22543B33003AE86C /* Constants.swift in Sources */ = {isa = PBXBuildFile; fileRef = 3A17186D22543B33003AE86C /* Constants.swift */; };
		DFA57D8AB110AB36C7BCCA80 /* Pods_Newsville.framework in Frameworks */ = {isa = PBXBuildFile; fileRef = 74E35843FB6ED6D0000C118E /* Pods_Newsville.framework */; };
/* End PBXBuildFile section */

/* Begin PBXFileReference section */
		3A17182D2254092E003AE86C /* Newsville.app */ = {isa = PBXFileReference; explicitFileType = wrapper.application; includeInIndex = 0; path = Newsville.app; sourceTree = BUILT_PRODUCTS_DIR; };
		3A1718302254092E003AE86C /* AppDelegate.swift */ = {isa = PBXFileReference; lastKnownFileType = sourcecode.swift; path = AppDelegate.swift; sourceTree = "<group>"; };
		3A1718372254092F003AE86C /* Assets.xcassets */ = {isa = PBXFileReference; lastKnownFileType = folder.assetcatalog; path = Assets.xcassets; sourceTree = "<group>"; };
		3A17183A2254092F003AE86C /* Base */ = {isa = PBXFileReference; lastKnownFileType = file.storyboard; name = Base; path = Base.lproj/LaunchScreen.storyboard; sourceTree = "<group>"; };
		3A17183C2254092F003AE86C /* Info.plist */ = {isa = PBXFileReference; lastKnownFileType = text.plist.xml; path = Info.plist; sourceTree = "<group>"; };
		3A17184222540DD2003AE86C /* SplashVC.swift */ = {isa = PBXFileReference; lastKnownFileType = sourcecode.swift; path = SplashVC.swift; sourceTree = "<group>"; };
		3A17184422540DE1003AE86C /* Splash.storyboard */ = {isa = PBXFileReference; lastKnownFileType = file.storyboard; path = Splash.storyboard; sourceTree = "<group>"; };
		3A171853225417BA003AE86C /* OnboardingVC.swift */ = {isa = PBXFileReference; lastKnownFileType = sourcecode.swift; path = OnboardingVC.swift; sourceTree = "<group>"; };
		3A171855225417C7003AE86C /* Onboarding.storyboard */ = {isa = PBXFileReference; lastKnownFileType = file.storyboard; path = Onboarding.storyboard; sourceTree = "<group>"; };
		3A17185822542BD3003AE86C /* Extensions.swift */ = {isa = PBXFileReference; lastKnownFileType = sourcecode.swift; path = Extensions.swift; sourceTree = "<group>"; };
		3A17185B225431B1003AE86C /* Ubuntu-Medium.ttf */ = {isa = PBXFileReference; lastKnownFileType = file; path = "Ubuntu-Medium.ttf"; sourceTree = "<group>"; };
		3A17185D225431B1003AE86C /* Ubuntu-Regular.ttf */ = {isa = PBXFileReference; lastKnownFileType = file; path = "Ubuntu-Regular.ttf"; sourceTree = "<group>"; };
		3A17185E225431B1003AE86C /* Ubuntu-Bold.ttf */ = {isa = PBXFileReference; lastKnownFileType = file; path = "Ubuntu-Bold.ttf"; sourceTree = "<group>"; };
		3A171862225431B1003AE86C /* Ubuntu-Light.ttf */ = {isa = PBXFileReference; lastKnownFileType = file; path = "Ubuntu-Light.ttf"; sourceTree = "<group>"; };
		3A171863225431B1003AE86C /* UFL.txt */ = {isa = PBXFileReference; fileEncoding = 4; lastKnownFileType = text; path = UFL.txt; sourceTree = "<group>"; };
		3A17186D22543B33003AE86C /* Constants.swift */ = {isa = PBXFileReference; lastKnownFileType = sourcecode.swift; path = Constants.swift; sourceTree = "<group>"; };
		74E35843FB6ED6D0000C118E /* Pods_Newsville.framework */ = {isa = PBXFileReference; explicitFileType = wrapper.framework; includeInIndex = 0; path = Pods_Newsville.framework; sourceTree = BUILT_PRODUCTS_DIR; };
		92A61A0E39FE0CE40F3185CC /* Pods-Newsville.debug.xcconfig */ = {isa = PBXFileReference; includeInIndex = 1; lastKnownFileType = text.xcconfig; name = "Pods-Newsville.debug.xcconfig"; path = "Pods/Target Support Files/Pods-Newsville/Pods-Newsville.debug.xcconfig"; sourceTree = "<group>"; };
		FDFCE9D3296BBB3AAA6D3F4D /* Pods-Newsville.release.xcconfig */ = {isa = PBXFileReference; includeInIndex = 1; lastKnownFileType = text.xcconfig; name = "Pods-Newsville.release.xcconfig"; path = "Pods/Target Support Files/Pods-Newsville/Pods-Newsville.release.xcconfig"; sourceTree = "<group>"; };
/* End PBXFileReference section */

/* Begin PBXFrameworksBuildPhase section */
		3A17182A2254092E003AE86C /* Frameworks */ = {
			isa = PBXFrameworksBuildPhase;
			buildActionMask = 2147483647;
			files = (
				DFA57D8AB110AB36C7BCCA80 /* Pods_Newsville.framework in Frameworks */,
			);
			runOnlyForDeploymentPostprocessing = 0;
		};
/* End PBXFrameworksBuildPhase section */

/* Begin PBXGroup section */
		3A1718242254092E003AE86C = {
			isa = PBXGroup;
			children = (
				3A17182F2254092E003AE86C /* Newsville */,
				3A17182E2254092E003AE86C /* Products */,
				FD9344D88B436D063E71822C /* Pods */,
				5929E570DD6C85B8C7FC4405 /* Frameworks */,
			);
			sourceTree = "<group>";
		};
		3A17182E2254092E003AE86C /* Products */ = {
			isa = PBXGroup;
			children = (
				3A17182D2254092E003AE86C /* Newsville.app */,
			);
			name = Products;
			sourceTree = "<group>";
		};
		3A17182F2254092E003AE86C /* Newsville */ = {
			isa = PBXGroup;
			children = (
				3A1718302254092E003AE86C /* AppDelegate.swift */,
				3A1718372254092F003AE86C /* Assets.xcassets */,
				3A1718392254092F003AE86C /* LaunchScreen.storyboard */,
				3A17183C2254092F003AE86C /* Info.plist */,
				3A17184722541393003AE86C /* Fonts */,
				3A17185722542BB0003AE86C /* Supporting files */,
				3A17184622540DF5003AE86C /* View */,
			);
			path = Newsville;
			sourceTree = "<group>";
		};
		3A17184622540DF5003AE86C /* View */ = {
			isa = PBXGroup;
			children = (
				3A17186F22549AB3003AE86C /* Splash */,
				3A17187022549ABF003AE86C /* OnBoarding */,
			);
			path = View;
			sourceTree = "<group>";
		};
		3A17184722541393003AE86C /* Fonts */ = {
			isa = PBXGroup;
			children = (
				3A17185A225431B1003AE86C /* Ubuntu */,
			);
			path = Fonts;
			sourceTree = "<group>";
		};
		3A17185722542BB0003AE86C /* Supporting files */ = {
			isa = PBXGroup;
			children = (
				3A17185822542BD3003AE86C /* Extensions.swift */,
				3A17186D22543B33003AE86C /* Constants.swift */,
			);
			path = "Supporting files";
			sourceTree = "<group>";
		};
		3A17185A225431B1003AE86C /* Ubuntu */ = {
			isa = PBXGroup;
			children = (
				3A17185B225431B1003AE86C /* Ubuntu-Medium.ttf */,
				3A17185D225431B1003AE86C /* Ubuntu-Regular.ttf */,
				3A17185E225431B1003AE86C /* Ubuntu-Bold.ttf */,
				3A171862225431B1003AE86C /* Ubuntu-Light.ttf */,
				3A171863225431B1003AE86C /* UFL.txt */,
			);
			path = Ubuntu;
			sourceTree = "<group>";
		};
		3A17186F22549AB3003AE86C /* Splash */ = {
			isa = PBXGroup;
			children = (
				3A17184222540DD2003AE86C /* SplashVC.swift */,
				3A17184422540DE1003AE86C /* Splash.storyboard */,
			);
			path = Splash;
			sourceTree = "<group>";
		};
		3A17187022549ABF003AE86C /* OnBoarding */ = {
			isa = PBXGroup;
			children = (
				3A171853225417BA003AE86C /* OnboardingVC.swift */,
				3A171855225417C7003AE86C /* Onboarding.storyboard */,
			);
			path = OnBoarding;
			sourceTree = "<group>";
		};
		5929E570DD6C85B8C7FC4405 /* Frameworks */ = {
			isa = PBXGroup;
			children = (
				74E35843FB6ED6D0000C118E /* Pods_Newsville.framework */,
			);
			name = Frameworks;
			sourceTree = "<group>";
		};
		FD9344D88B436D063E71822C /* Pods */ = {
			isa = PBXGroup;
			children = (
				92A61A0E39FE0CE40F3185CC /* Pods-Newsville.debug.xcconfig */,
				FDFCE9D3296BBB3AAA6D3F4D /* Pods-Newsville.release.xcconfig */,
			);
			name = Pods;
			sourceTree = "<group>";
		};
/* End PBXGroup section */

/* Begin PBXNativeTarget section */
		3A17182C2254092E003AE86C /* Newsville */ = {
			isa = PBXNativeTarget;
			buildConfigurationList = 3A17183F2254092F003AE86C /* Build configuration list for PBXNativeTarget "Newsville" */;
			buildPhases = (
				CB765DD4A2034E5F2AED593C /* [CP] Check Pods Manifest.lock */,
				3A1718292254092E003AE86C /* Sources */,
				3A17182A2254092E003AE86C /* Frameworks */,
				3A17182B2254092E003AE86C /* Resources */,
				0F6CC087853DA7C5ACF8140B /* [CP] Embed Pods Frameworks */,
			);
			buildRules = (
			);
			dependencies = (
			);
			name = Newsville;
			productName = Newsville;
			productReference = 3A17182D2254092E003AE86C /* Newsville.app */;
			productType = "com.apple.product-type.application";
		};
/* End PBXNativeTarget section */

/* Begin PBXProject section */
		3A1718252254092E003AE86C /* Project object */ = {
			isa = PBXProject;
			attributes = {
				LastSwiftUpdateCheck = 1010;
				LastUpgradeCheck = 1010;
				ORGANIZATIONNAME = "Vinayak Pal";
				TargetAttributes = {
					3A17182C2254092E003AE86C = {
						CreatedOnToolsVersion = 10.1;
					};
				};
			};
			buildConfigurationList = 3A1718282254092E003AE86C /* Build configuration list for PBXProject "Newsville" */;
			compatibilityVersion = "Xcode 9.3";
			developmentRegion = en;
			hasScannedForEncodings = 0;
			knownRegions = (
				en,
				Base,
			);
			mainGroup = 3A1718242254092E003AE86C;
			productRefGroup = 3A17182E2254092E003AE86C /* Products */;
			projectDirPath = "";
			projectRoot = "";
			targets = (
				3A17182C2254092E003AE86C /* Newsville */,
			);
		};
/* End PBXProject section */

/* Begin PBXResourcesBuildPhase section */
		3A17182B2254092E003AE86C /* Resources */ = {
			isa = PBXResourcesBuildPhase;
			buildActionMask = 2147483647;
			files = (
				3A17183B2254092F003AE86C /* LaunchScreen.storyboard in Resources */,
				3A17186C225431B2003AE86C /* UFL.txt in Resources */,
				3A171864225431B2003AE86C /* Ubuntu-Medium.ttf in Resources */,
				3A1718382254092F003AE86C /* Assets.xcassets in Resources */,
				3A17186B225431B2003AE86C /* Ubuntu-Light.ttf in Resources */,
				3A171856225417C7003AE86C /* Onboarding.storyboard in Resources */,
				3A171867225431B2003AE86C /* Ubuntu-Bold.ttf in Resources */,
				3A171866225431B2003AE86C /* Ubuntu-Regular.ttf in Resources */,
				3A17184522540DE1003AE86C /* Splash.storyboard in Resources */,
			);
			runOnlyForDeploymentPostprocessing = 0;
		};
/* End PBXResourcesBuildPhase section */

/* Begin PBXShellScriptBuildPhase section */
		0F6CC087853DA7C5ACF8140B /* [CP] Embed Pods Frameworks */ = {
			isa = PBXShellScriptBuildPhase;
			buildActionMask = 2147483647;
			files = (
			);
			inputFileListPaths = (
			);
			inputPaths = (
				"${SRCROOT}/Pods/Target Support Files/Pods-Newsville/Pods-Newsville-frameworks.sh",
				"${BUILT_PRODUCTS_DIR}/paper-onboarding/paper_onboarding.framework",
			);
			name = "[CP] Embed Pods Frameworks";
			outputFileListPaths = (
			);
			outputPaths = (
				"${TARGET_BUILD_DIR}/${FRAMEWORKS_FOLDER_PATH}/paper_onboarding.framework",
			);
			runOnlyForDeploymentPostprocessing = 0;
			shellPath = /bin/sh;
			shellScript = "\"${SRCROOT}/Pods/Target Support Files/Pods-Newsville/Pods-Newsville-frameworks.sh\"\n";
			showEnvVarsInLog = 0;
		};
		CB765DD4A2034E5F2AED593C /* [CP] Check Pods Manifest.lock */ = {
			isa = PBXShellScriptBuildPhase;
			buildActionMask = 2147483647;
			files = (
			);
			inputFileListPaths = (
			);
			inputPaths = (
				"${PODS_PODFILE_DIR_PATH}/Podfile.lock",
				"${PODS_ROOT}/Manifest.lock",
			);
			name = "[CP] Check Pods Manifest.lock";
			outputFileListPaths = (
			);
			outputPaths = (
				"$(DERIVED_FILE_DIR)/Pods-Newsville-checkManifestLockResult.txt",
			);
			runOnlyForDeploymentPostprocessing = 0;
			shellPath = /bin/sh;
			shellScript = "diff \"${PODS_PODFILE_DIR_PATH}/Podfile.lock\" \"${PODS_ROOT}/Manifest.lock\" > /dev/null\nif [ $? != 0 ] ; then\n    # print error to STDERR\n    echo \"error: The sandbox is not in sync with the Podfile.lock. Run 'pod install' or update your CocoaPods installation.\" >&2\n    exit 1\nfi\n# This output is used by Xcode 'outputs' to avoid re-running this script phase.\necho \"SUCCESS\" > \"${SCRIPT_OUTPUT_FILE_0}\"\n";
			showEnvVarsInLog = 0;
		};
/* End PBXShellScriptBuildPhase section */

/* Begin PBXSourcesBuildPhase section */
		3A1718292254092E003AE86C /* Sources */ = {
			isa = PBXSourcesBuildPhase;
			buildActionMask = 2147483647;
			files = (
				3A17186E22543B33003AE86C /* Constants.swift in Sources */,
				3A1718312254092E003AE86C /* AppDelegate.swift in Sources */,
				3A171854225417BA003AE86C /* OnboardingVC.swift in Sources */,
				3A17184322540DD2003AE86C /* SplashVC.swift in Sources */,
				3A17185922542BD3003AE86C /* Extensions.swift in Sources */,
			);
			runOnlyForDeploymentPostprocessing = 0;
		};
/* End PBXSourcesBuildPhase section */

/* Begin PBXVariantGroup section */
		3A1718392254092F003AE86C /* LaunchScreen.storyboard */ = {
			isa = PBXVariantGroup;
			children = (
				3A17183A2254092F003AE86C /* Base */,
			);
			name = LaunchScreen.storyboard;
			sourceTree = "<group>";
		};
/* End PBXVariantGroup section */

/* Begin XCBuildConfiguration section */
		3A17183D2254092F003AE86C /* Debug */ = {
			isa = XCBuildConfiguration;
			buildSettings = {
				ALWAYS_SEARCH_USER_PATHS = NO;
				CLANG_ANALYZER_NONNULL = YES;
				CLANG_ANALYZER_NUMBER_OBJECT_CONVERSION = YES_AGGRESSIVE;
				CLANG_CXX_LANGUAGE_STANDARD = "gnu++14";
				CLANG_CXX_LIBRARY = "libc++";
				CLANG_ENABLE_MODULES = YES;
				CLANG_ENABLE_OBJC_ARC = YES;
				CLANG_ENABLE_OBJC_WEAK = YES;
				CLANG_WARN_BLOCK_CAPTURE_AUTORELEASING = YES;
				CLANG_WARN_BOOL_CONVERSION = YES;
				CLANG_WARN_COMMA = YES;
				CLANG_WARN_CONSTANT_CONVERSION = YES;
				CLANG_WARN_DEPRECATED_OBJC_IMPLEMENTATIONS = YES;
				CLANG_WARN_DIRECT_OBJC_ISA_USAGE = YES_ERROR;
				CLANG_WARN_DOCUMENTATION_COMMENTS = YES;
				CLANG_WARN_EMPTY_BODY = YES;
				CLANG_WARN_ENUM_CONVERSION = YES;
				CLANG_WARN_INFINITE_RECURSION = YES;
				CLANG_WARN_INT_CONVERSION = YES;
				CLANG_WARN_NON_LITERAL_NULL_CONVERSION = YES;
				CLANG_WARN_OBJC_IMPLICIT_RETAIN_SELF = YES;
				CLANG_WARN_OBJC_LITERAL_CONVERSION = YES;
				CLANG_WARN_OBJC_ROOT_CLASS = YES_ERROR;
				CLANG_WARN_RANGE_LOOP_ANALYSIS = YES;
				CLANG_WARN_STRICT_PROTOTYPES = YES;
				CLANG_WARN_SUSPICIOUS_MOVE = YES;
				CLANG_WARN_UNGUARDED_AVAILABILITY = YES_AGGRESSIVE;
				CLANG_WARN_UNREACHABLE_CODE = YES;
				CLANG_WARN__DUPLICATE_METHOD_MATCH = YES;
				CODE_SIGN_IDENTITY = "iPhone Developer";
				COPY_PHASE_STRIP = NO;
				DEBUG_INFORMATION_FORMAT = dwarf;
				ENABLE_STRICT_OBJC_MSGSEND = YES;
				ENABLE_TESTABILITY = YES;
				GCC_C_LANGUAGE_STANDARD = gnu11;
				GCC_DYNAMIC_NO_PIC = NO;
				GCC_NO_COMMON_BLOCKS = YES;
				GCC_OPTIMIZATION_LEVEL = 0;
				GCC_PREPROCESSOR_DEFINITIONS = (
					"DEBUG=1",
					"$(inherited)",
				);
				GCC_WARN_64_TO_32_BIT_CONVERSION = YES;
				GCC_WARN_ABOUT_RETURN_TYPE = YES_ERROR;
				GCC_WARN_UNDECLARED_SELECTOR = YES;
				GCC_WARN_UNINITIALIZED_AUTOS = YES_AGGRESSIVE;
				GCC_WARN_UNUSED_FUNCTION = YES;
				GCC_WARN_UNUSED_VARIABLE = YES;
				IPHONEOS_DEPLOYMENT_TARGET = 12.1;
				MTL_ENABLE_DEBUG_INFO = INCLUDE_SOURCE;
				MTL_FAST_MATH = YES;
				ONLY_ACTIVE_ARCH = YES;
				SDKROOT = iphoneos;
				SWIFT_ACTIVE_COMPILATION_CONDITIONS = DEBUG;
				SWIFT_OPTIMIZATION_LEVEL = "-Onone";
			};
			name = Debug;
		};
		3A17183E2254092F003AE86C /* Release */ = {
			isa = XCBuildConfiguration;
			buildSettings = {
				ALWAYS_SEARCH_USER_PATHS = NO;
				CLANG_ANALYZER_NONNULL = YES;
				CLANG_ANALYZER_NUMBER_OBJECT_CONVERSION = YES_AGGRESSIVE;
				CLANG_CXX_LANGUAGE_STANDARD = "gnu++14";
				CLANG_CXX_LIBRARY = "libc++";
				CLANG_ENABLE_MODULES = YES;
				CLANG_ENABLE_OBJC_ARC = YES;
				CLANG_ENABLE_OBJC_WEAK = YES;
				CLANG_WARN_BLOCK_CAPTURE_AUTORELEASING = YES;
				CLANG_WARN_BOOL_CONVERSION = YES;
				CLANG_WARN_COMMA = YES;
				CLANG_WARN_CONSTANT_CONVERSION = YES;
				CLANG_WARN_DEPRECATED_OBJC_IMPLEMENTATIONS = YES;
				CLANG_WARN_DIRECT_OBJC_ISA_USAGE = YES_ERROR;
				CLANG_WARN_DOCUMENTATION_COMMENTS = YES;
				CLANG_WARN_EMPTY_BODY = YES;
				CLANG_WARN_ENUM_CONVERSION = YES;
				CLANG_WARN_INFINITE_RECURSION = YES;
				CLANG_WARN_INT_CONVERSION = YES;
				CLANG_WARN_NON_LITERAL_NULL_CONVERSION = YES;
				CLANG_WARN_OBJC_IMPLICIT_RETAIN_SELF = YES;
				CLANG_WARN_OBJC_LITERAL_CONVERSION = YES;
				CLANG_WARN_OBJC_ROOT_CLASS = YES_ERROR;
				CLANG_WARN_RANGE_LOOP_ANALYSIS = YES;
				CLANG_WARN_STRICT_PROTOTYPES = YES;
				CLANG_WARN_SUSPICIOUS_MOVE = YES;
				CLANG_WARN_UNGUARDED_AVAILABILITY = YES_AGGRESSIVE;
				CLANG_WARN_UNREACHABLE_CODE = YES;
				CLANG_WARN__DUPLICATE_METHOD_MATCH = YES;
				CODE_SIGN_IDENTITY = "iPhone Developer";
				COPY_PHASE_STRIP = NO;
				DEBUG_INFORMATION_FORMAT = "dwarf-with-dsym";
				ENABLE_NS_ASSERTIONS = NO;
				ENABLE_STRICT_OBJC_MSGSEND = YES;
				GCC_C_LANGUAGE_STANDARD = gnu11;
				GCC_NO_COMMON_BLOCKS = YES;
				GCC_WARN_64_TO_32_BIT_CONVERSION = YES;
				GCC_WARN_ABOUT_RETURN_TYPE = YES_ERROR;
				GCC_WARN_UNDECLARED_SELECTOR = YES;
				GCC_WARN_UNINITIALIZED_AUTOS = YES_AGGRESSIVE;
				GCC_WARN_UNUSED_FUNCTION = YES;
				GCC_WARN_UNUSED_VARIABLE = YES;
				IPHONEOS_DEPLOYMENT_TARGET = 12.1;
				MTL_ENABLE_DEBUG_INFO = NO;
				MTL_FAST_MATH = YES;
				SDKROOT = iphoneos;
				SWIFT_COMPILATION_MODE = wholemodule;
				SWIFT_OPTIMIZATION_LEVEL = "-O";
				VALIDATE_PRODUCT = YES;
			};
			name = Release;
		};
		3A1718402254092F003AE86C /* Debug */ = {
			isa = XCBuildConfiguration;
			baseConfigurationReference = 92A61A0E39FE0CE40F3185CC /* Pods-Newsville.debug.xcconfig */;
			buildSettings = {
				ASSETCATALOG_COMPILER_APPICON_NAME = AppIcon;
				CODE_SIGN_STYLE = Automatic;
				DEVELOPMENT_TEAM = G53U7TC866;
				INFOPLIST_FILE = Newsville/Info.plist;
				IPHONEOS_DEPLOYMENT_TARGET = 10.0;
				LD_RUNPATH_SEARCH_PATHS = (
					"$(inherited)",
					"@executable_path/Frameworks",
				);
				PRODUCT_BUNDLE_IDENTIFIER = app.ios.Newsville;
				PRODUCT_NAME = "$(TARGET_NAME)";
				SWIFT_VERSION = 4.2;
				TARGETED_DEVICE_FAMILY = "1,2";
			};
			name = Debug;
		};
		3A1718412254092F003AE86C /* Release */ = {
			isa = XCBuildConfiguration;
			baseConfigurationReference = FDFCE9D3296BBB3AAA6D3F4D /* Pods-Newsville.release.xcconfig */;
			buildSettings = {
				ASSETCATALOG_COMPILER_APPICON_NAME = AppIcon;
				CODE_SIGN_STYLE = Automatic;
				DEVELOPMENT_TEAM = G53U7TC866;
				INFOPLIST_FILE = Newsville/Info.plist;
				IPHONEOS_DEPLOYMENT_TARGET = 10.0;
				LD_RUNPATH_SEARCH_PATHS = (
					"$(inherited)",
					"@executable_path/Frameworks",
				);
				PRODUCT_BUNDLE_IDENTIFIER = app.ios.Newsville;
				PRODUCT_NAME = "$(TARGET_NAME)";
				SWIFT_VERSION = 4.2;
				TARGETED_DEVICE_FAMILY = "1,2";
			};
			name = Release;
		};
/* End XCBuildConfiguration section */

/* Begin XCConfigurationList section */
		3A1718282254092E003AE86C /* Build configuration list for PBXProject "Newsville" */ = {
			isa = XCConfigurationList;
			buildConfigurations = (
				3A17183D2254092F003AE86C /* Debug */,
				3A17183E2254092F003AE86C /* Release */,
			);
			defaultConfigurationIsVisible = 0;
			defaultConfigurationName = Release;
		};
		3A17183F2254092F003AE86C /* Build configuration list for PBXNativeTarget "Newsville" */ = {
			isa = XCConfigurationList;
			buildConfigurations = (
				3A1718402254092F003AE86C /* Debug */,
				3A1718412254092F003AE86C /* Release */,
			);
			defaultConfigurationIsVisible = 0;
			defaultConfigurationName = Release;
		};
/* End XCConfigurationList section */
	};
	rootObject = 3A1718252254092E003AE86C /* Project object */;
}
